
Microsoft Visual Studio Solution File, Format Version 12.00
# Visual Studio Version 17
VisualStudioVersion = 17.14.36623.8 d17.14
MinimumVisualStudioVersion = 10.0.40219.1
Project("{FAE04EC0-301F-11D3-BF4B-00C04F79EFBC}") = "WindowsFormsApp4", "WindowsFormsApp4\WindowsFormsApp4.csproj", "{630E5FE1-9588-495D-A071-4800F298B37F}"
EndProject
Global
	GlobalSection(SolutionConfigurationPlatforms) = preSolution
		Debug|Any CPU = Debug|Any CPU
		Release|Any CPU = Release|Any CPU
	EndGlobalSection
	GlobalSection(ProjectConfigurationPlatforms) = postSolution
		{630E5FE1-9588-495D-A071-4800F298B37F}.Debug|Any CPU.ActiveCfg = Debug|Any CPU
		{630E5FE1-9588-495D-A071-4800F298B37F}.Debug|Any CPU.Build.0 = Debug|Any CPU
		{630E5FE1-9588-495D-A071-4800F298B37F}.Release|Any CPU.ActiveCfg = Release|Any CPU
		{630E5FE1-9588-495D-A071-4800F298B37F}.Release|Any CPU.Build.0 = Release|Any CPU
	EndGlobalSection
	GlobalSection(SolutionProperties) = preSolution
		HideSolutionNode = FALSE
	EndGlobalSection
	GlobalSection(ExtensibilityGlobals) = postSolution
		SolutionGuid = {BF3C27FC-5DB1-449B-B216-3B77D3FFF6C9}
	EndGlobalSection
EndGlobal
